<?xml version="1.0" encoding="utf-8"?>
<Project ToolsVersion="4.0" xmlns="http://schemas.microsoft.com/developer/msbuild/2003">
  <ItemGroup>
    <Filter Include="Source Files">
      <UniqueIdentifier>{4FC737F1-C7A5-4376-A066-2A32D752A2FF}</UniqueIdentifier>
      <Extensions>cpp;c;cc;cxx;c++;cppm;ixx;def;odl;idl;hpj;bat;asm;asmx</Extensions>
    </Filter>
    <Filter Include="Header Files">
      <UniqueIdentifier>{93995380-89BD-4b04-88EB-625FBE52EBFB}</UniqueIdentifier>
      <Extensions>h;hh;hpp;hxx;h++;hm;inl;inc;ipp;xsd</Extensions>
    </Filter>
    <Filter Include="Resource Files">
      <UniqueIdentifier>{67DA6AB6-F800-4c08-8B7A-83BB121AAD01}</UniqueIdentifier>
      <Extensions>rc;ico;cur;bmp;dlg;rc2;rct;bin;rgs;gif;jpg;jpeg;jpe;resx;tiff;tif;png;wav;mfcribbon-ms</Extensions>
    </Filter>
    <Filter Include="Sprites">
      <UniqueIdentifier>{9bbd730f-834f-4f91-a198-de178ba72d0b}</UniqueIdentifier>
    </Filter>
    <Filter Include="Tileset and Maps">
      <UniqueIdentifier>{1af612b3-63bd-48ec-9bbf-3f4542dd962e}</UniqueIdentifier>
    </Filter>
  </ItemGroup>
  <ItemGroup>
    <ClCompile Include="source\main.cpp">
      <Filter>Source Files</Filter>
    </ClCompile>
    <ClCompile Include="source\gba_obj_def.cpp">
      <Filter>Source Files</Filter>
    </ClCompile>
    <ClCompile Include="source\sprites\BouncySheep_4bpp.c">
      <Filter>Sprites</Filter>
    </ClCompile>
    <ClCompile Include="source\gba_key_def.cpp">
      <Filter>Source Files</Filter>
    </ClCompile>
    <ClCompile Include="source\tileset\newer_sky_tilemap.c">
      <Filter>Tileset and Maps</Filter>
    </ClCompile>
    <ClCompile Include="source\sprites\GrassPlatform_4bpp.c">
      <Filter>Sprites</Filter>
    </ClCompile>
    <ClCompile Include="source\gba_rng_def.cpp">
      <Filter>Source Files</Filter>
    </ClCompile>
    <ClCompile Include="source\log.cpp">
      <Filter>Source Files</Filter>
    </ClCompile>
  </ItemGroup>
  <ItemGroup>
    <ClInclude Include="source\gba_base_def.h">
      <Filter>Header Files</Filter>
    </ClInclude>
    <ClInclude Include="source\gba_type_def.h">
      <Filter>Header Files</Filter>
    </ClInclude>
    <ClInclude Include="source\gba_video_def.h">
      <Filter>Header Files</Filter>
    </ClInclude>
    <ClInclude Include="source\gba_tool_def.h">
      <Filter>Header Files</Filter>
    </ClInclude>
    <ClInclude Include="source\gba_obj_def.h">
      <Filter>Header Files</Filter>
    </ClInclude>
    <ClInclude Include="source\gba_bitfield_def.h">
      <Filter>Header Files</Filter>
    </ClInclude>
    <ClInclude Include="source\gba_obj_attribute.h">
      <Filter>Header Files</Filter>
    </ClInclude>
    <ClInclude Include="source\sprites\BouncySheep_4bpp.h">
      <Filter>Sprites</Filter>
    </ClInclude>
    <ClInclude Include="source\gba_tileblock_def.h">
      <Filter>Header Files</Filter>
    </ClInclude>
    <ClInclude Include="source\gba_palettes_def.h">
      <Filter>Header Files</Filter>
    </ClInclude>
    <ClInclude Include="source\gba_input_def.h">
      <Filter>Header Files</Filter>
    </ClInclude>
    <ClInclude Include="source\gba_background_def.h">
      <Filter>Header Files</Filter>
    </ClInclude>
    <ClInclude Include="source\gba_bg_attributes.h">
      <Filter>Header Files</Filter>
    </ClInclude>
    <ClInclude Include="source\tileset\newer_sky_tilemap.h">
      <Filter>Tileset and Maps</Filter>
    </ClInclude>
    <ClInclude Include="source\sprites\GrassPlatform_4bpp.h">
      <Filter>Sprites</Filter>
    </ClInclude>
    <ClInclude Include="source\gba_rng_def.h">
      <Filter>Header Files</Filter>
    </ClInclude>
    <ClInclude Include="source\log.h">
      <Filter>Header Files</Filter>
    </ClInclude>
  </ItemGroup>
</Project>